<Solution>
  <Folder Name="/Solution Items/">
    <File Path="Directory.Build.props" />
  </Folder>
  <Project Path="TablerIcons.Avalonia.Generator/TablerIcons.Avalonia.Generator.csproj" />
  <Project Path="TablerIcons.Avalonia.Preview.Desktop/TablerIcons.Avalonia.Preview.Desktop.csproj" />
  <Project Path="TablerIcons.Avalonia.Preview/TablerIcons.Avalonia.Preview.csproj" />
  <Project Path="TablerIcons.Avalonia/TablerIcons.Avalonia.csproj" />
</Solution>
